
Microsoft Visual Studio Solution File, Format Version 12.00
# Visual Studio Version 17
VisualStudioVersion = 17.3.32804.467
MinimumVisualStudioVersion = 10.0.40219.1
Project("{FAE04EC0-301F-11D3-BF4B-00C04F79EFBC}") = "TiendaServicio.Api.CarritoCompra", "TiendaServicio.Api.CarritoCompra.csproj", "{EE3F020E-4140-4A46-9472-5AB089C1FA89}"
EndProject
Global
	GlobalSection(SolutionConfigurationPlatforms) = preSolution
		Debug|Any CPU = Debug|Any CPU
		Release|Any CPU = Release|Any CPU
	EndGlobalSection
	GlobalSection(ProjectConfigurationPlatforms) = postSolution
		{EE3F020E-4140-4A46-9472-5AB089C1FA89}.Debug|Any CPU.ActiveCfg = Debug|Any CPU
		{EE3F020E-4140-4A46-9472-5AB089C1FA89}.Debug|Any CPU.Build.0 = Debug|Any CPU
		{EE3F020E-4140-4A46-9472-5AB089C1FA89}.Release|Any CPU.ActiveCfg = Release|Any CPU
		{EE3F020E-4140-4A46-9472-5AB089C1FA89}.Release|Any CPU.Build.0 = Release|Any CPU
	EndGlobalSection
	GlobalSection(SolutionProperties) = preSolution
		HideSolutionNode = FALSE
	EndGlobalSection
	GlobalSection(ExtensibilityGlobals) = postSolution
		SolutionGuid = {4C244266-4F6B-469D-B8E1-92569F960EDE}
	EndGlobalSection
EndGlobal
